
Microsoft Visual Studio Solution File, Format Version 12.00
# Visual Studio Version 17
VisualStudioVersion = 17.6.33723.286
MinimumVisualStudioVersion = 10.0.40219.1
Project("{FAE04EC0-301F-11D3-BF4B-00C04F79EFBC}") = "VN", "VN\VN.csproj", "{36C14352-CC09-4202-B8B6-8EB300D81D34}"
EndProject
Global
	GlobalSection(SolutionConfigurationPlatforms) = preSolution
		Debug|Any CPU = Debug|Any CPU
		Release|Any CPU = Release|Any CPU
	EndGlobalSection
	GlobalSection(ProjectConfigurationPlatforms) = postSolution
		{36C14352-CC09-4202-B8B6-8EB300D81D34}.Debug|Any CPU.ActiveCfg = Debug|Any CPU
		{36C14352-CC09-4202-B8B6-8EB300D81D34}.Debug|Any CPU.Build.0 = Debug|Any CPU
		{36C14352-CC09-4202-B8B6-8EB300D81D34}.Release|Any CPU.ActiveCfg = Release|Any CPU
		{36C14352-CC09-4202-B8B6-8EB300D81D34}.Release|Any CPU.Build.0 = Release|Any CPU
	EndGlobalSection
	GlobalSection(SolutionProperties) = preSolution
		HideSolutionNode = FALSE
	EndGlobalSection
	GlobalSection(ExtensibilityGlobals) = postSolution
		SolutionGuid = {2CF66E32-B331-49EF-888B-9AD5B7907451}
	EndGlobalSection
EndGlobal
